
Microsoft Visual Studio Solution File, Format Version 12.00
# Visual Studio 15
VisualStudioVersion = 15.0.26730.16
MinimumVisualStudioVersion = 10.0.40219.1
Project("{FAE04EC0-301F-11D3-BF4B-00C04F79EFBC}") = "WebApplication4", "WebApplication4\WebApplication4.csproj", "{5E86E80F-19F4-4BFC-8235-F7AAA06D23C4}"
EndProject
Global
	GlobalSection(SolutionConfigurationPlatforms) = preSolution
		Debug|Any CPU = Debug|Any CPU
		Release|Any CPU = Release|Any CPU
	EndGlobalSection
	GlobalSection(ProjectConfigurationPlatforms) = postSolution
		{5E86E80F-19F4-4BFC-8235-F7AAA06D23C4}.Debug|Any CPU.ActiveCfg = Debug|Any CPU
		{5E86E80F-19F4-4BFC-8235-F7AAA06D23C4}.Debug|Any CPU.Build.0 = Debug|Any CPU
		{5E86E80F-19F4-4BFC-8235-F7AAA06D23C4}.Release|Any CPU.ActiveCfg = Release|Any CPU
		{5E86E80F-19F4-4BFC-8235-F7AAA06D23C4}.Release|Any CPU.Build.0 = Release|Any CPU
	EndGlobalSection
	GlobalSection(SolutionProperties) = preSolution
		HideSolutionNode = FALSE
	EndGlobalSection
	GlobalSection(ExtensibilityGlobals) = postSolution
		SolutionGuid = {B0B2FF4F-881E-4939-96C9-6BCF3B9B39EF}
	EndGlobalSection
EndGlobal
