
Microsoft Visual Studio Solution File, Format Version 12.00
# Visual Studio 15
VisualStudioVersion = 15.0.26730.16
MinimumVisualStudioVersion = 10.0.40219.1
Project("{8BC9CEB8-8B4A-11D0-8D11-00A0C91BC942}") = "Project9", "Project9\Project9.vcxproj", "{7F7D4F3A-6E96-4E3C-BAF8-0E0F53B528A0}"
EndProject
Global
	GlobalSection(SolutionConfigurationPlatforms) = preSolution
		Debug|x64 = Debug|x64
		Debug|x86 = Debug|x86
		Release|x64 = Release|x64
		Release|x86 = Release|x86
	EndGlobalSection
	GlobalSection(ProjectConfigurationPlatforms) = postSolution
		{7F7D4F3A-6E96-4E3C-BAF8-0E0F53B528A0}.Debug|x64.ActiveCfg = Debug|x64
		{7F7D4F3A-6E96-4E3C-BAF8-0E0F53B528A0}.Debug|x64.Build.0 = Debug|x64
		{7F7D4F3A-6E96-4E3C-BAF8-0E0F53B528A0}.Debug|x86.ActiveCfg = Debug|Win32
		{7F7D4F3A-6E96-4E3C-BAF8-0E0F53B528A0}.Debug|x86.Build.0 = Debug|Win32
		{7F7D4F3A-6E96-4E3C-BAF8-0E0F53B528A0}.Release|x64.ActiveCfg = Release|x64
		{7F7D4F3A-6E96-4E3C-BAF8-0E0F53B528A0}.Release|x64.Build.0 = Release|x64
		{7F7D4F3A-6E96-4E3C-BAF8-0E0F53B528A0}.Release|x86.ActiveCfg = Release|Win32
		{7F7D4F3A-6E96-4E3C-BAF8-0E0F53B528A0}.Release|x86.Build.0 = Release|Win32
	EndGlobalSection
	GlobalSection(SolutionProperties) = preSolution
		HideSolutionNode = FALSE
	EndGlobalSection
	GlobalSection(ExtensibilityGlobals) = postSolution
		SolutionGuid = {AFA4549E-2EA2-4DB1-9F3B-261839114F6B}
	EndGlobalSection
EndGlobal
