
Microsoft Visual Studio Solution File, Format Version 12.00
# Visual Studio 15
VisualStudioVersion = 15.0.26730.16
MinimumVisualStudioVersion = 10.0.40219.1
Project("{FAE04EC0-301F-11D3-BF4B-00C04F79EFBC}") = "FinalExam", "FinalExam\FinalExam.csproj", "{CED3E551-6001-49AE-B65C-C93CE0E02DB1}"
EndProject
Global
	GlobalSection(SolutionConfigurationPlatforms) = preSolution
		Debug|Any CPU = Debug|Any CPU
		Release|Any CPU = Release|Any CPU
	EndGlobalSection
	GlobalSection(ProjectConfigurationPlatforms) = postSolution
		{CED3E551-6001-49AE-B65C-C93CE0E02DB1}.Debug|Any CPU.ActiveCfg = Debug|Any CPU
		{CED3E551-6001-49AE-B65C-C93CE0E02DB1}.Debug|Any CPU.Build.0 = Debug|Any CPU
		{CED3E551-6001-49AE-B65C-C93CE0E02DB1}.Release|Any CPU.ActiveCfg = Release|Any CPU
		{CED3E551-6001-49AE-B65C-C93CE0E02DB1}.Release|Any CPU.Build.0 = Release|Any CPU
	EndGlobalSection
	GlobalSection(SolutionProperties) = preSolution
		HideSolutionNode = FALSE
	EndGlobalSection
	GlobalSection(ExtensibilityGlobals) = postSolution
		SolutionGuid = {ECDAAB86-3D7A-4F82-9855-CF0D295FF208}
	EndGlobalSection
EndGlobal
